<Project Sdk="Microsoft.NET.Sdk">
  <PropertyGroup>
    <SolutionDir>$(MSBuildThisFileDirectory)</SolutionDir>
  </PropertyGroup>

  <ItemGroup>
    <ProjectReference Include="src\TodoApp.Domain\TodoApp.Domain.csproj" />
    <ProjectReference Include="src\TodoApp.Application\TodoApp.Application.csproj" />
    <ProjectReference Include="src\TodoApp.Infrastructure\TodoApp.Infrastructure.csproj" />
    <ProjectReference Include="src\TodoApp.Api\TodoApp.Api.csproj" />
  </ItemGroup>
</Project>